// !$*UTF8*$!
{
	archiveVersion = 1;
	classes = {
	};
	objectVersion = 46;
	objects = {

/* Begin PBXBuildFile section */
		A38714DA1F532C3F004E0AB0 /* AppDelegate.swift in Sources */ = {isa = PBXBuildFile; fileRef = A38714D91F532C3F004E0AB0 /* AppDelegate.swift */; };
		A38714DF1F532C3F004E0AB0 /* Main.storyboard in Resources */ = {isa = PBXBuildFile; fileRef = A38714DD1F532C3F004E0AB0 /* Main.storyboard */; };
		A38714E11F532C3F004E0AB0 /* Assets.xcassets in Resources */ = {isa = PBXBuildFile; fileRef = A38714E01F532C3F004E0AB0 /* Assets.xcassets */; };
		A38714E41F532C3F004E0AB0 /* LaunchScreen.storyboard in Resources */ = {isa = PBXBuildFile; fileRef = A38714E21F532C3F004E0AB0 /* LaunchScreen.storyboard */; };
		A38714EC1F532E95004E0AB0 /* LoginViewController.swift in Sources */ = {isa = PBXBuildFile; fileRef = A38714EB1F532E95004E0AB0 /* LoginViewController.swift */; };
		A38714F11F532F06004E0AB0 /* LoginTextField.swift in Sources */ = {isa = PBXBuildFile; fileRef = A38714F01F532F06004E0AB0 /* LoginTextField.swift */; };
		A38714F81F5352D1004E0AB0 /* FBSDKCoreKit.framework in Frameworks */ = {isa = PBXBuildFile; fileRef = A38714F61F5352D1004E0AB0 /* FBSDKCoreKit.framework */; };
		A38714F91F5352D1004E0AB0 /* FBSDKLoginKit.framework in Frameworks */ = {isa = PBXBuildFile; fileRef = A38714F71F5352D1004E0AB0 /* FBSDKLoginKit.framework */; };
		A38714FC1F537BF8004E0AB0 /* UdacityClient.swift in Sources */ = {isa = PBXBuildFile; fileRef = A38714FB1F537BF8004E0AB0 /* UdacityClient.swift */; };
		A38715001F537FFC004E0AB0 /* HomeViewController.swift in Sources */ = {isa = PBXBuildFile; fileRef = A38714FF1F537FFC004E0AB0 /* HomeViewController.swift */; };
		A38715021F5384DE004E0AB0 /* Dialogs.swift in Sources */ = {isa = PBXBuildFile; fileRef = A38715011F5384DE004E0AB0 /* Dialogs.swift */; };
		A38715031F53886B004E0AB0 /* MapKit.framework in Frameworks */ = {isa = PBXBuildFile; fileRef = A38714F41F5352C1004E0AB0 /* MapKit.framework */; };
		A38715071F54EB28004E0AB0 /* StudentManager.swift in Sources */ = {isa = PBXBuildFile; fileRef = A38715061F54EB28004E0AB0 /* StudentManager.swift */; };
		A38715091F54EB5F004E0AB0 /* StudentInformation.swift in Sources */ = {isa = PBXBuildFile; fileRef = A38715081F54EB5F004E0AB0 /* StudentInformation.swift */; };
		A387150B1F564D7A004E0AB0 /* MapViewController.swift in Sources */ = {isa = PBXBuildFile; fileRef = A387150A1F564D7A004E0AB0 /* MapViewController.swift */; };
		A387150D1F564DA4004E0AB0 /* BaseStudentInformationViewController.swift in Sources */ = {isa = PBXBuildFile; fileRef = A387150C1F564DA4004E0AB0 /* BaseStudentInformationViewController.swift */; };
		A387150F1F58EEA9004E0AB0 /* StudentPin.swift in Sources */ = {isa = PBXBuildFile; fileRef = A387150E1F58EEA9004E0AB0 /* StudentPin.swift */; };
		A38715111F5ABA46004E0AB0 /* LoadingView.swift in Sources */ = {isa = PBXBuildFile; fileRef = A38715101F5ABA46004E0AB0 /* LoadingView.swift */; };
		A38715131F5AC395004E0AB0 /* ListViewController.swift in Sources */ = {isa = PBXBuildFile; fileRef = A38715121F5AC395004E0AB0 /* ListViewController.swift */; };
		A38715151F5ACF60004E0AB0 /* EnterLocationViewController.swift in Sources */ = {isa = PBXBuildFile; fileRef = A38715141F5ACF60004E0AB0 /* EnterLocationViewController.swift */; };
		A38715171F5AF4CE004E0AB0 /* StudentSession.swift in Sources */ = {isa = PBXBuildFile; fileRef = A38715161F5AF4CE004E0AB0 /* StudentSession.swift */; };
		A38715191F5B169E004E0AB0 /* User.swift in Sources */ = {isa = PBXBuildFile; fileRef = A38715181F5B169E004E0AB0 /* User.swift */; };
/* End PBXBuildFile section */

/* Begin PBXFileReference section */
		A38714D61F532C3F004E0AB0 /* On The Map.app */ = {isa = PBXFileReference; explicitFileType = wrapper.application; includeInIndex = 0; path = "On The Map.app"; sourceTree = BUILT_PRODUCTS_DIR; };
		A38714D91F532C3F004E0AB0 /* AppDelegate.swift */ = {isa = PBXFileReference; lastKnownFileType = sourcecode.swift; path = AppDelegate.swift; sourceTree = "<group>"; };
		A38714DE1F532C3F004E0AB0 /* Base */ = {isa = PBXFileReference; lastKnownFileType = file.storyboard; name = Base; path = Base.lproj/Main.storyboard; sourceTree = "<group>"; };
		A38714E01F532C3F004E0AB0 /* Assets.xcassets */ = {isa = PBXFileReference; lastKnownFileType = folder.assetcatalog; path = Assets.xcassets; sourceTree = "<group>"; };
		A38714E31F532C3F004E0AB0 /* Base */ = {isa = PBXFileReference; lastKnownFileType = file.storyboard; name = Base; path = Base.lproj/LaunchScreen.storyboard; sourceTree = "<group>"; };
		A38714E51F532C3F004E0AB0 /* Info.plist */ = {isa = PBXFileReference; lastKnownFileType = text.plist.xml; path = Info.plist; sourceTree = "<group>"; };
		A38714EB1F532E95004E0AB0 /* LoginViewController.swift */ = {isa = PBXFileReference; fileEncoding = 4; lastKnownFileType = sourcecode.swift; path = LoginViewController.swift; sourceTree = "<group>"; };
		A38714F01F532F06004E0AB0 /* LoginTextField.swift */ = {isa = PBXFileReference; fileEncoding = 4; lastKnownFileType = sourcecode.swift; name = LoginTextField.swift; path = Views/LoginTextField.swift; sourceTree = "<group>"; };
		A38714F41F5352C1004E0AB0 /* MapKit.framework */ = {isa = PBXFileReference; lastKnownFileType = wrapper.framework; name = MapKit.framework; path = System/Library/Frameworks/MapKit.framework; sourceTree = SDKROOT; };
		A38714F61F5352D1004E0AB0 /* FBSDKCoreKit.framework */ = {isa = PBXFileReference; lastKnownFileType = wrapper.framework; name = FBSDKCoreKit.framework; path = "FacebookSDKs-iOS-4.26.0/FBSDKCoreKit.framework"; sourceTree = "<group>"; };
		A38714F71F5352D1004E0AB0 /* FBSDKLoginKit.framework */ = {isa = PBXFileReference; lastKnownFileType = wrapper.framework; name = FBSDKLoginKit.framework; path = "FacebookSDKs-iOS-4.26.0/FBSDKLoginKit.framework"; sourceTree = "<group>"; };
		A38714FB1F537BF8004E0AB0 /* UdacityClient.swift */ = {isa = PBXFileReference; fileEncoding = 4; lastKnownFileType = sourcecode.swift; name = UdacityClient.swift; path = Model/UdacityClient.swift; sourceTree = "<group>"; };
		A38714FF1F537FFC004E0AB0 /* HomeViewController.swift */ = {isa = PBXFileReference; fileEncoding = 4; lastKnownFileType = sourcecode.swift; path = HomeViewController.swift; sourceTree = "<group>"; };
		A38715011F5384DE004E0AB0 /* Dialogs.swift */ = {isa = PBXFileReference; fileEncoding = 4; lastKnownFileType = sourcecode.swift; name = Dialogs.swift; path = Views/Dialogs.swift; sourceTree = "<group>"; };
		A38715061F54EB28004E0AB0 /* StudentManager.swift */ = {isa = PBXFileReference; fileEncoding = 4; lastKnownFileType = sourcecode.swift; name = StudentManager.swift; path = Model/StudentManager.swift; sourceTree = "<group>"; };
		A38715081F54EB5F004E0AB0 /* StudentInformation.swift */ = {isa = PBXFileReference; fileEncoding = 4; lastKnownFileType = sourcecode.swift; name = StudentInformation.swift; path = Model/StudentInformation.swift; sourceTree = "<group>"; };
		A387150A1F564D7A004E0AB0 /* MapViewController.swift */ = {isa = PBXFileReference; fileEncoding = 4; lastKnownFileType = sourcecode.swift; path = MapViewController.swift; sourceTree = "<group>"; };
		A387150C1F564DA4004E0AB0 /* BaseStudentInformationViewController.swift */ = {isa = PBXFileReference; fileEncoding = 4; lastKnownFileType = sourcecode.swift; path = BaseStudentInformationViewController.swift; sourceTree = "<group>"; };
		A387150E1F58EEA9004E0AB0 /* StudentPin.swift */ = {isa = PBXFileReference; fileEncoding = 4; lastKnownFileType = sourcecode.swift; name = StudentPin.swift; path = Views/StudentPin.swift; sourceTree = "<group>"; };
		A38715101F5ABA46004E0AB0 /* LoadingView.swift */ = {isa = PBXFileReference; fileEncoding = 4; lastKnownFileType = sourcecode.swift; name = LoadingView.swift; path = Views/LoadingView.swift; sourceTree = "<group>"; };
		A38715121F5AC395004E0AB0 /* ListViewController.swift */ = {isa = PBXFileReference; fileEncoding = 4; lastKnownFileType = sourcecode.swift; path = ListViewController.swift; sourceTree = "<group>"; };
		A38715141F5ACF60004E0AB0 /* EnterLocationViewController.swift */ = {isa = PBXFileReference; fileEncoding = 4; lastKnownFileType = sourcecode.swift; path = EnterLocationViewController.swift; sourceTree = "<group>"; };
		A38715161F5AF4CE004E0AB0 /* StudentSession.swift */ = {isa = PBXFileReference; fileEncoding = 4; lastKnownFileType = sourcecode.swift; name = StudentSession.swift; path = Model/StudentSession.swift; sourceTree = "<group>"; };
		A38715181F5B169E004E0AB0 /* User.swift */ = {isa = PBXFileReference; fileEncoding = 4; lastKnownFileType = sourcecode.swift; name = User.swift; path = Model/User.swift; sourceTree = "<group>"; };
/* End PBXFileReference section */

/* Begin PBXFrameworksBuildPhase section */
		A38714D31F532C3F004E0AB0 /* Frameworks */ = {
			isa = PBXFrameworksBuildPhase;
			buildActionMask = 2147483647;
			files = (
				A38715031F53886B004E0AB0 /* MapKit.framework in Frameworks */,
				A38714F81F5352D1004E0AB0 /* FBSDKCoreKit.framework in Frameworks */,
				A38714F91F5352D1004E0AB0 /* FBSDKLoginKit.framework in Frameworks */,
			);
			runOnlyForDeploymentPostprocessing = 0;
		};
/* End PBXFrameworksBuildPhase section */

/* Begin PBXGroup section */
		A38714CD1F532C3F004E0AB0 = {
			isa = PBXGroup;
			children = (
				A38714D81F532C3F004E0AB0 /* On The Map */,
				A38714D71F532C3F004E0AB0 /* Products */,
				A38714F31F5352C1004E0AB0 /* Frameworks */,
			);
			sourceTree = "<group>";
		};
		A38714D71F532C3F004E0AB0 /* Products */ = {
			isa = PBXGroup;
			children = (
				A38714D61F532C3F004E0AB0 /* On The Map.app */,
			);
			name = Products;
			sourceTree = "<group>";
		};
		A38714D81F532C3F004E0AB0 /* On The Map */ = {
			isa = PBXGroup;
			children = (
				A38714EF1F532EC3004E0AB0 /* Controllers */,
				A38714EE1F532EBC004E0AB0 /* Model */,
				A38714F21F532F0B004E0AB0 /* Views */,
				A38714D91F532C3F004E0AB0 /* AppDelegate.swift */,
				A38714E51F532C3F004E0AB0 /* Info.plist */,
				A38714ED1F532E9B004E0AB0 /* Resources */,
			);
			path = "On The Map";
			sourceTree = "<group>";
		};
		A38714ED1F532E9B004E0AB0 /* Resources */ = {
			isa = PBXGroup;
			children = (
				A38714E21F532C3F004E0AB0 /* LaunchScreen.storyboard */,
				A38714DD1F532C3F004E0AB0 /* Main.storyboard */,
				A38714E01F532C3F004E0AB0 /* Assets.xcassets */,
			);
			name = Resources;
			sourceTree = "<group>";
		};
		A38714EE1F532EBC004E0AB0 /* Model */ = {
			isa = PBXGroup;
			children = (
				A38715061F54EB28004E0AB0 /* StudentManager.swift */,
				A38714FA1F537BCC004E0AB0 /* Udacity */,
			);
			name = Model;
			sourceTree = "<group>";
		};
		A38714EF1F532EC3004E0AB0 /* Controllers */ = {
			isa = PBXGroup;
			children = (
				A38714FF1F537FFC004E0AB0 /* HomeViewController.swift */,
				A38714EB1F532E95004E0AB0 /* LoginViewController.swift */,
				A387150C1F564DA4004E0AB0 /* BaseStudentInformationViewController.swift */,
				A387150A1F564D7A004E0AB0 /* MapViewController.swift */,
				A38715121F5AC395004E0AB0 /* ListViewController.swift */,
				A38715141F5ACF60004E0AB0 /* EnterLocationViewController.swift */,
			);
			name = Controllers;
			sourceTree = "<group>";
		};
		A38714F21F532F0B004E0AB0 /* Views */ = {
			isa = PBXGroup;
			children = (
				A38715011F5384DE004E0AB0 /* Dialogs.swift */,
				A38715101F5ABA46004E0AB0 /* LoadingView.swift */,
				A38714F01F532F06004E0AB0 /* LoginTextField.swift */,
				A387150E1F58EEA9004E0AB0 /* StudentPin.swift */,
			);
			name = Views;
			sourceTree = "<group>";
		};
		A38714F31F5352C1004E0AB0 /* Frameworks */ = {
			isa = PBXGroup;
			children = (
				A38714F61F5352D1004E0AB0 /* FBSDKCoreKit.framework */,
				A38714F71F5352D1004E0AB0 /* FBSDKLoginKit.framework */,
				A38714F41F5352C1004E0AB0 /* MapKit.framework */,
			);
			name = Frameworks;
			sourceTree = "<group>";
		};
		A38714FA1F537BCC004E0AB0 /* Udacity */ = {
			isa = PBXGroup;
			children = (
				A38715081F54EB5F004E0AB0 /* StudentInformation.swift */,
				A38715161F5AF4CE004E0AB0 /* StudentSession.swift */,
				A38714FB1F537BF8004E0AB0 /* UdacityClient.swift */,
				A38715181F5B169E004E0AB0 /* User.swift */,
			);
			name = Udacity;
			sourceTree = "<group>";
		};
/* End PBXGroup section */

/* Begin PBXNativeTarget section */
		A38714D51F532C3F004E0AB0 /* On The Map */ = {
			isa = PBXNativeTarget;
			buildConfigurationList = A38714E81F532C3F004E0AB0 /* Build configuration list for PBXNativeTarget "On The Map" */;
			buildPhases = (
				A38714D21F532C3F004E0AB0 /* Sources */,
				A38714D31F532C3F004E0AB0 /* Frameworks */,
				A38714D41F532C3F004E0AB0 /* Resources */,
			);
			buildRules = (
			);
			dependencies = (
			);
			name = "On The Map";
			productName = "On The Map";
			productReference = A38714D61F532C3F004E0AB0 /* On The Map.app */;
			productType = "com.apple.product-type.application";
		};
/* End PBXNativeTarget section */

/* Begin PBXProject section */
		A38714CE1F532C3F004E0AB0 /* Project object */ = {
			isa = PBXProject;
			attributes = {
				LastSwiftUpdateCheck = 0830;
				LastUpgradeCheck = 0830;
				ORGANIZATIONNAME = "Leonardo Simas";
				TargetAttributes = {
					A38714D51F532C3F004E0AB0 = {
						CreatedOnToolsVersion = 8.3.2;
						ProvisioningStyle = Automatic;
					};
				};
			};
			buildConfigurationList = A38714D11F532C3F004E0AB0 /* Build configuration list for PBXProject "On The Map" */;
			compatibilityVersion = "Xcode 3.2";
			developmentRegion = English;
			hasScannedForEncodings = 0;
			knownRegions = (
				en,
				Base,
			);
			mainGroup = A38714CD1F532C3F004E0AB0;
			productRefGroup = A38714D71F532C3F004E0AB0 /* Products */;
			projectDirPath = "";
			projectRoot = "";
			targets = (
				A38714D51F532C3F004E0AB0 /* On The Map */,
			);
		};
/* End PBXProject section */

/* Begin PBXResourcesBuildPhase section */
		A38714D41F532C3F004E0AB0 /* Resources */ = {
			isa = PBXResourcesBuildPhase;
			buildActionMask = 2147483647;
			files = (
				A38714E41F532C3F004E0AB0 /* LaunchScreen.storyboard in Resources */,
				A38714E11F532C3F004E0AB0 /* Assets.xcassets in Resources */,
				A38714DF1F532C3F004E0AB0 /* Main.storyboard in Resources */,
			);
			runOnlyForDeploymentPostprocessing = 0;
		};
/* End PBXResourcesBuildPhase section */

/* Begin PBXSourcesBuildPhase section */
		A38714D21F532C3F004E0AB0 /* Sources */ = {
			isa = PBXSourcesBuildPhase;
			buildActionMask = 2147483647;
			files = (
				A387150D1F564DA4004E0AB0 /* BaseStudentInformationViewController.swift in Sources */,
				A38715091F54EB5F004E0AB0 /* StudentInformation.swift in Sources */,
				A38715071F54EB28004E0AB0 /* StudentManager.swift in Sources */,
				A38715021F5384DE004E0AB0 /* Dialogs.swift in Sources */,
				A38715191F5B169E004E0AB0 /* User.swift in Sources */,
				A38715151F5ACF60004E0AB0 /* EnterLocationViewController.swift in Sources */,
				A387150F1F58EEA9004E0AB0 /* StudentPin.swift in Sources */,
				A38715111F5ABA46004E0AB0 /* LoadingView.swift in Sources */,
				A38715001F537FFC004E0AB0 /* HomeViewController.swift in Sources */,
				A387150B1F564D7A004E0AB0 /* MapViewController.swift in Sources */,
				A38714FC1F537BF8004E0AB0 /* UdacityClient.swift in Sources */,
				A38715171F5AF4CE004E0AB0 /* StudentSession.swift in Sources */,
				A38714EC1F532E95004E0AB0 /* LoginViewController.swift in Sources */,
				A38714F11F532F06004E0AB0 /* LoginTextField.swift in Sources */,
				A38715131F5AC395004E0AB0 /* ListViewController.swift in Sources */,
				A38714DA1F532C3F004E0AB0 /* AppDelegate.swift in Sources */,
			);
			runOnlyForDeploymentPostprocessing = 0;
		};
/* End PBXSourcesBuildPhase section */

/* Begin PBXVariantGroup section */
		A38714DD1F532C3F004E0AB0 /* Main.storyboard */ = {
			isa = PBXVariantGroup;
			children = (
				A38714DE1F532C3F004E0AB0 /* Base */,
			);
			name = Main.storyboard;
			sourceTree = "<group>";
		};
		A38714E21F532C3F004E0AB0 /* LaunchScreen.storyboard */ = {
			isa = PBXVariantGroup;
			children = (
				A38714E31F532C3F004E0AB0 /* Base */,
			);
			name = LaunchScreen.storyboard;
			sourceTree = "<group>";
		};
/* End PBXVariantGroup section */

/* Begin XCBuildConfiguration section */
		A38714E61F532C3F004E0AB0 /* Debug */ = {
			isa = XCBuildConfiguration;
			buildSettings = {
				ALWAYS_SEARCH_USER_PATHS = NO;
				CLANG_ANALYZER_NONNULL = YES;
				CLANG_ANALYZER_NUMBER_OBJECT_CONVERSION = YES_AGGRESSIVE;
				CLANG_CXX_LANGUAGE_STANDARD = "gnu++0x";
				CLANG_CXX_LIBRARY = "libc++";
				CLANG_ENABLE_MODULES = YES;
				CLANG_ENABLE_OBJC_ARC = YES;
				CLANG_WARN_BOOL_CONVERSION = YES;
				CLANG_WARN_CONSTANT_CONVERSION = YES;
				CLANG_WARN_DIRECT_OBJC_ISA_USAGE = YES_ERROR;
				CLANG_WARN_DOCUMENTATION_COMMENTS = YES;
				CLANG_WARN_EMPTY_BODY = YES;
				CLANG_WARN_ENUM_CONVERSION = YES;
				CLANG_WARN_INFINITE_RECURSION = YES;
				CLANG_WARN_INT_CONVERSION = YES;
				CLANG_WARN_OBJC_ROOT_CLASS = YES_ERROR;
				CLANG_WARN_SUSPICIOUS_MOVE = YES;
				CLANG_WARN_UNREACHABLE_CODE = YES;
				CLANG_WARN__DUPLICATE_METHOD_MATCH = YES;
				"CODE_SIGN_IDENTITY[sdk=iphoneos*]" = "iPhone Developer";
				COPY_PHASE_STRIP = NO;
				DEBUG_INFORMATION_FORMAT = dwarf;
				ENABLE_STRICT_OBJC_MSGSEND = YES;
				ENABLE_TESTABILITY = YES;
				GCC_C_LANGUAGE_STANDARD = gnu99;
				GCC_DYNAMIC_NO_PIC = NO;
				GCC_NO_COMMON_BLOCKS = YES;
				GCC_OPTIMIZATION_LEVEL = 0;
				GCC_PREPROCESSOR_DEFINITIONS = (
					"DEBUG=1",
					"$(inherited)",
				);
				GCC_WARN_64_TO_32_BIT_CONVERSION = YES;
				GCC_WARN_ABOUT_RETURN_TYPE = YES_ERROR;
				GCC_WARN_UNDECLARED_SELECTOR = YES;
				GCC_WARN_UNINITIALIZED_AUTOS = YES_AGGRESSIVE;
				GCC_WARN_UNUSED_FUNCTION = YES;
				GCC_WARN_UNUSED_VARIABLE = YES;
				IPHONEOS_DEPLOYMENT_TARGET = 10.3;
				MTL_ENABLE_DEBUG_INFO = YES;
				ONLY_ACTIVE_ARCH = YES;
				SDKROOT = iphoneos;
				SWIFT_ACTIVE_COMPILATION_CONDITIONS = DEBUG;
				SWIFT_OPTIMIZATION_LEVEL = "-Onone";
				TARGETED_DEVICE_FAMILY = "1,2";
			};
			name = Debug;
		};
		A38714E71F532C3F004E0AB0 /* Release */ = {
			isa = XCBuildConfiguration;
			buildSettings = {
				ALWAYS_SEARCH_USER_PATHS = NO;
				CLANG_ANALYZER_NONNULL = YES;
				CLANG_ANALYZER_NUMBER_OBJECT_CONVERSION = YES_AGGRESSIVE;
				CLANG_CXX_LANGUAGE_STANDARD = "gnu++0x";
				CLANG_CXX_LIBRARY = "libc++";
				CLANG_ENABLE_MODULES = YES;
				CLANG_ENABLE_OBJC_ARC = YES;
				CLANG_WARN_BOOL_CONVERSION = YES;
				CLANG_WARN_CONSTANT_CONVERSION = YES;
				CLANG_WARN_DIRECT_OBJC_ISA_USAGE = YES_ERROR;
				CLANG_WARN_DOCUMENTATION_COMMENTS = YES;
				CLANG_WARN_EMPTY_BODY = YES;
				CLANG_WARN_ENUM_CONVERSION = YES;
				CLANG_WARN_INFINITE_RECURSION = YES;
				CLANG_WARN_INT_CONVERSION = YES;
				CLANG_WARN_OBJC_ROOT_CLASS = YES_ERROR;
				CLANG_WARN_SUSPICIOUS_MOVE = YES;
				CLANG_WARN_UNREACHABLE_CODE = YES;
				CLANG_WARN__DUPLICATE_METHOD_MATCH = YES;
				"CODE_SIGN_IDENTITY[sdk=iphoneos*]" = "iPhone Developer";
				COPY_PHASE_STRIP = NO;
				DEBUG_INFORMATION_FORMAT = "dwarf-with-dsym";
				ENABLE_NS_ASSERTIONS = NO;
				ENABLE_STRICT_OBJC_MSGSEND = YES;
				GCC_C_LANGUAGE_STANDARD = gnu99;
				GCC_NO_COMMON_BLOCKS = YES;
				GCC_WARN_64_TO_32_BIT_CONVERSION = YES;
				GCC_WARN_ABOUT_RETURN_TYPE = YES_ERROR;
				GCC_WARN_UNDECLARED_SELECTOR = YES;
				GCC_WARN_UNINITIALIZED_AUTOS = YES_AGGRESSIVE;
				GCC_WARN_UNUSED_FUNCTION = YES;
				GCC_WARN_UNUSED_VARIABLE = YES;
				IPHONEOS_DEPLOYMENT_TARGET = 10.3;
				MTL_ENABLE_DEBUG_INFO = NO;
				SDKROOT = iphoneos;
				SWIFT_OPTIMIZATION_LEVEL = "-Owholemodule";
				TARGETED_DEVICE_FAMILY = "1,2";
				VALIDATE_PRODUCT = YES;
			};
			name = Release;
		};
		A38714E91F532C3F004E0AB0 /* Debug */ = {
			isa = XCBuildConfiguration;
			buildSettings = {
				ASSETCATALOG_COMPILER_APPICON_NAME = AppIcon;
				FRAMEWORK_SEARCH_PATHS = (
					"$(inherited)",
					"$(PROJECT_DIR)/FacebookSDKs-iOS-4.26.0",
				);
				INFOPLIST_FILE = "On The Map/Info.plist";
				LD_RUNPATH_SEARCH_PATHS = "$(inherited) @executable_path/Frameworks";
				PRODUCT_BUNDLE_IDENTIFIER = "com.simas.leonardo.On-The-Map";
				PRODUCT_NAME = "$(TARGET_NAME)";
				SWIFT_VERSION = 3.0;
			};
			name = Debug;
		};
		A38714EA1F532C3F004E0AB0 /* Release */ = {
			isa = XCBuildConfiguration;
			buildSettings = {
				ASSETCATALOG_COMPILER_APPICON_NAME = AppIcon;
				FRAMEWORK_SEARCH_PATHS = (
					"$(inherited)",
					"$(PROJECT_DIR)/FacebookSDKs-iOS-4.26.0",
				);
				INFOPLIST_FILE = "On The Map/Info.plist";
				LD_RUNPATH_SEARCH_PATHS = "$(inherited) @executable_path/Frameworks";
				PRODUCT_BUNDLE_IDENTIFIER = "com.simas.leonardo.On-The-Map";
				PRODUCT_NAME = "$(TARGET_NAME)";
				SWIFT_VERSION = 3.0;
			};
			name = Release;
		};
/* End XCBuildConfiguration section */

/* Begin XCConfigurationList section */
		A38714D11F532C3F004E0AB0 /* Build configuration list for PBXProject "On The Map" */ = {
			isa = XCConfigurationList;
			buildConfigurations = (
				A38714E61F532C3F004E0AB0 /* Debug */,
				A38714E71F532C3F004E0AB0 /* Release */,
			);
			defaultConfigurationIsVisible = 0;
			defaultConfigurationName = Release;
		};
		A38714E81F532C3F004E0AB0 /* Build configuration list for PBXNativeTarget "On The Map" */ = {
			isa = XCConfigurationList;
			buildConfigurations = (
				A38714E91F532C3F004E0AB0 /* Debug */,
				A38714EA1F532C3F004E0AB0 /* Release */,
			);
			defaultConfigurationIsVisible = 0;
			defaultConfigurationName = Release;
		};
/* End XCConfigurationList section */
	};
	rootObject = A38714CE1F532C3F004E0AB0 /* Project object */;
}
